
Microsoft Visual Studio Solution File, Format Version 12.00
# Visual Studio Version 17
VisualStudioVersion = 17.8.34322.80
MinimumVisualStudioVersion = 10.0.40219.1
Project("{9A19103F-16F7-4668-BE54-9A1E7A4F7556}") = "CamCapture", "CamCapture\CamCapture.csproj", "{C2ECCEA6-F784-4E67-ABB2-F0DA2CCB438D}"
EndProject
Global
	GlobalSection(SolutionConfigurationPlatforms) = preSolution
		Debug|Any CPU = Debug|Any CPU
		Release|Any CPU = Release|Any CPU
	EndGlobalSection
	GlobalSection(ProjectConfigurationPlatforms) = postSolution
		{C2ECCEA6-F784-4E67-ABB2-F0DA2CCB438D}.Debug|Any CPU.ActiveCfg = Debug|Any CPU
		{C2ECCEA6-F784-4E67-ABB2-F0DA2CCB438D}.Debug|Any CPU.Build.0 = Debug|Any CPU
		{C2ECCEA6-F784-4E67-ABB2-F0DA2CCB438D}.Release|Any CPU.ActiveCfg = Release|Any CPU
		{C2ECCEA6-F784-4E67-ABB2-F0DA2CCB438D}.Release|Any CPU.Build.0 = Release|Any CPU
	EndGlobalSection
	GlobalSection(SolutionProperties) = preSolution
		HideSolutionNode = FALSE
	EndGlobalSection
	GlobalSection(ExtensibilityGlobals) = postSolution
		SolutionGuid = {95902658-9782-4CFF-8872-7F93FEC88FD2}
	EndGlobalSection
EndGlobal
